
Microsoft Visual Studio Solution File, Format Version 12.00
# Visual Studio Version 16
VisualStudioVersion = 16.0.32228.343
MinimumVisualStudioVersion = 10.0.40219.1
Project("{F184B08F-C81C-45F6-A57F-5ABD9991F28F}") = "Library", "Library\Library.vbproj", "{8FE6EEB7-64CF-455D-97A1-F0E76456484C}"
EndProject
Global
	GlobalSection(SolutionConfigurationPlatforms) = preSolution
		Debug|Any CPU = Debug|Any CPU
		Release|Any CPU = Release|Any CPU
	EndGlobalSection
	GlobalSection(ProjectConfigurationPlatforms) = postSolution
		{8FE6EEB7-64CF-455D-97A1-F0E76456484C}.Debug|Any CPU.ActiveCfg = Debug|Any CPU
		{8FE6EEB7-64CF-455D-97A1-F0E76456484C}.Debug|Any CPU.Build.0 = Debug|Any CPU
		{8FE6EEB7-64CF-455D-97A1-F0E76456484C}.Release|Any CPU.ActiveCfg = Release|Any CPU
		{8FE6EEB7-64CF-455D-97A1-F0E76456484C}.Release|Any CPU.Build.0 = Release|Any CPU
	EndGlobalSection
	GlobalSection(SolutionProperties) = preSolution
		HideSolutionNode = FALSE
	EndGlobalSection
	GlobalSection(ExtensibilityGlobals) = postSolution
		SolutionGuid = {4DC94653-BCDC-4122-B528-4635221A8DA3}
	EndGlobalSection
EndGlobal
